
Microsoft Visual Studio Solution File, Format Version 12.00
# Visual Studio Version 17
VisualStudioVersion = 17.14.35906.104 d17.14
MinimumVisualStudioVersion = 10.0.40219.1
Project("{FAE04EC0-301F-11D3-BF4B-00C04F79EFBC}") = "mvc_asp.net_core_web_app", "mvc_asp.net_core_web_app\mvc_asp.net_core_web_app.csproj", "{8246FED0-2AE8-4DB5-B7AE-8BEFA6D9938E}"
EndProject
Global
	GlobalSection(SolutionConfigurationPlatforms) = preSolution
		Debug|Any CPU = Debug|Any CPU
		Release|Any CPU = Release|Any CPU
	EndGlobalSection
	GlobalSection(ProjectConfigurationPlatforms) = postSolution
		{8246FED0-2AE8-4DB5-B7AE-8BEFA6D9938E}.Debug|Any CPU.ActiveCfg = Debug|Any CPU
		{8246FED0-2AE8-4DB5-B7AE-8BEFA6D9938E}.Debug|Any CPU.Build.0 = Debug|Any CPU
		{8246FED0-2AE8-4DB5-B7AE-8BEFA6D9938E}.Release|Any CPU.ActiveCfg = Release|Any CPU
		{8246FED0-2AE8-4DB5-B7AE-8BEFA6D9938E}.Release|Any CPU.Build.0 = Release|Any CPU
	EndGlobalSection
	GlobalSection(SolutionProperties) = preSolution
		HideSolutionNode = FALSE
	EndGlobalSection
	GlobalSection(ExtensibilityGlobals) = postSolution
		SolutionGuid = {E45106CD-55A0-4333-BFF2-A965138E0BCE}
	EndGlobalSection
EndGlobal
